
Microsoft Visual Studio Solution File, Format Version 12.00
# Visual Studio 15
Project("{FAE04EC0-301F-11D3-BF4B-00C04F79EFBC}") = "Assembly-CSharp", "Assembly-CSharp.csproj", "{6003AD2E-2053-1BE7-18B4-44ECB3D45373}"
EndProject
Project("{FAE04EC0-301F-11D3-BF4B-00C04F79EFBC}") = "Assembly-CSharp-Editor", "Assembly-CSharp-Editor.csproj", "{7752500A-AB69-823D-6B93-DA9EFD623397}"
EndProject
Global
	GlobalSection(SolutionConfigurationPlatforms) = preSolution
		Debug|Any CPU = Debug|Any CPU
		Release|Any CPU = Release|Any CPU
	EndGlobalSection
	GlobalSection(ProjectConfigurationPlatforms) = postSolution
		{6003AD2E-2053-1BE7-18B4-44ECB3D45373}.Debug|Any CPU.ActiveCfg = Debug|Any CPU
		{6003AD2E-2053-1BE7-18B4-44ECB3D45373}.Debug|Any CPU.Build.0 = Debug|Any CPU
		{6003AD2E-2053-1BE7-18B4-44ECB3D45373}.Release|Any CPU.ActiveCfg = Release|Any CPU
		{6003AD2E-2053-1BE7-18B4-44ECB3D45373}.Release|Any CPU.Build.0 = Release|Any CPU
		{7752500A-AB69-823D-6B93-DA9EFD623397}.Debug|Any CPU.ActiveCfg = Debug|Any CPU
		{7752500A-AB69-823D-6B93-DA9EFD623397}.Debug|Any CPU.Build.0 = Debug|Any CPU
		{7752500A-AB69-823D-6B93-DA9EFD623397}.Release|Any CPU.ActiveCfg = Release|Any CPU
		{7752500A-AB69-823D-6B93-DA9EFD623397}.Release|Any CPU.Build.0 = Release|Any CPU
	EndGlobalSection
	GlobalSection(SolutionProperties) = preSolution
		HideSolutionNode = FALSE
	EndGlobalSection
EndGlobal
